
Microsoft Visual Studio Solution File, Format Version 12.00
# Visual Studio 15
VisualStudioVersion = 15.0.27130.2010
MinimumVisualStudioVersion = 10.0.40219.1
Project("{FAE04EC0-301F-11D3-BF4B-00C04F79EFBC}") = "ClientLibrary", "ClientLibrary\ClientLibrary.csproj", "{5B1CD862-B246-4BDF-BFA9-199B23FB7E2C}"
EndProject
Project("{FAE04EC0-301F-11D3-BF4B-00C04F79EFBC}") = "MsxInfoGetter", "MsxInfoGetter\MsxInfoGetter.csproj", "{DA172C0E-C3FA-4EEE-8018-D982D40A6A5D}"
EndProject
Global
	GlobalSection(SolutionConfigurationPlatforms) = preSolution
		Debug|Any CPU = Debug|Any CPU
		Release|Any CPU = Release|Any CPU
	EndGlobalSection
	GlobalSection(ProjectConfigurationPlatforms) = postSolution
		{5B1CD862-B246-4BDF-BFA9-199B23FB7E2C}.Debug|Any CPU.ActiveCfg = Debug|Any CPU
		{5B1CD862-B246-4BDF-BFA9-199B23FB7E2C}.Debug|Any CPU.Build.0 = Debug|Any CPU
		{5B1CD862-B246-4BDF-BFA9-199B23FB7E2C}.Release|Any CPU.ActiveCfg = Release|Any CPU
		{5B1CD862-B246-4BDF-BFA9-199B23FB7E2C}.Release|Any CPU.Build.0 = Release|Any CPU
		{DA172C0E-C3FA-4EEE-8018-D982D40A6A5D}.Debug|Any CPU.ActiveCfg = Debug|Any CPU
		{DA172C0E-C3FA-4EEE-8018-D982D40A6A5D}.Debug|Any CPU.Build.0 = Debug|Any CPU
		{DA172C0E-C3FA-4EEE-8018-D982D40A6A5D}.Release|Any CPU.ActiveCfg = Release|Any CPU
		{DA172C0E-C3FA-4EEE-8018-D982D40A6A5D}.Release|Any CPU.Build.0 = Release|Any CPU
	EndGlobalSection
	GlobalSection(SolutionProperties) = preSolution
		HideSolutionNode = FALSE
	EndGlobalSection
	GlobalSection(ExtensibilityGlobals) = postSolution
		SolutionGuid = {49630672-2BCC-49DC-829B-BB647D27EBDA}
	EndGlobalSection
EndGlobal
